
Microsoft Visual Studio Solution File, Format Version 12.00
# Visual Studio Version 17
VisualStudioVersion = 17.5.33502.453
MinimumVisualStudioVersion = 10.0.40219.1
Project("{FAE04EC0-301F-11D3-BF4B-00C04F79EFBC}") = "ECommerce", "ECommerce\ECommerce.csproj", "{326DB9A1-2FF4-4E63-B168-F9F13296CCAF}"
EndProject
Global
	GlobalSection(SolutionConfigurationPlatforms) = preSolution
		Debug|Any CPU = Debug|Any CPU
		Release|Any CPU = Release|Any CPU
	EndGlobalSection
	GlobalSection(ProjectConfigurationPlatforms) = postSolution
		{326DB9A1-2FF4-4E63-B168-F9F13296CCAF}.Debug|Any CPU.ActiveCfg = Debug|Any CPU
		{326DB9A1-2FF4-4E63-B168-F9F13296CCAF}.Debug|Any CPU.Build.0 = Debug|Any CPU
		{326DB9A1-2FF4-4E63-B168-F9F13296CCAF}.Release|Any CPU.ActiveCfg = Release|Any CPU
		{326DB9A1-2FF4-4E63-B168-F9F13296CCAF}.Release|Any CPU.Build.0 = Release|Any CPU
	EndGlobalSection
	GlobalSection(SolutionProperties) = preSolution
		HideSolutionNode = FALSE
	EndGlobalSection
	GlobalSection(ExtensibilityGlobals) = postSolution
		SolutionGuid = {23A9408A-1EE3-427D-8634-C48967114ADB}
	EndGlobalSection
EndGlobal
